
Microsoft Visual Studio Solution File, Format Version 12.00
# Visual Studio Version 16
VisualStudioVersion = 16.0.28922.388
MinimumVisualStudioVersion = 10.0.40219.1
Project("{FAE04EC0-301F-11D3-BF4B-00C04F79EFBC}") = "PdfCutterService", "PdfCutterService\PdfCutterService.csproj", "{5EE08BD4-DAED-4B99-BF8D-7C78846EC2F0}"
EndProject
Project("{6141683F-8A12-4E36-9623-2EB02B2C2303}") = "PdfCutterSetup", "PdfCutterSetup\PdfCutterSetup.isproj", "{B6BF1311-F226-422F-906C-AEEA176321BD}"
	ProjectSection(ProjectDependencies) = postProject
		{5EE08BD4-DAED-4B99-BF8D-7C78846EC2F0} = {5EE08BD4-DAED-4B99-BF8D-7C78846EC2F0}
	EndProjectSection
EndProject
Global
	GlobalSection(SolutionConfigurationPlatforms) = preSolution
		All|Any CPU = All|Any CPU
		CD_ROM|Any CPU = CD_ROM|Any CPU
		Debug|Any CPU = Debug|Any CPU
		DVD-5|Any CPU = DVD-5|Any CPU
		Release|Any CPU = Release|Any CPU
		SingleImage|Any CPU = SingleImage|Any CPU
	EndGlobalSection
	GlobalSection(ProjectConfigurationPlatforms) = postSolution
		{5EE08BD4-DAED-4B99-BF8D-7C78846EC2F0}.All|Any CPU.ActiveCfg = Debug|Any CPU
		{5EE08BD4-DAED-4B99-BF8D-7C78846EC2F0}.All|Any CPU.Build.0 = Debug|Any CPU
		{5EE08BD4-DAED-4B99-BF8D-7C78846EC2F0}.CD_ROM|Any CPU.ActiveCfg = Release|Any CPU
		{5EE08BD4-DAED-4B99-BF8D-7C78846EC2F0}.CD_ROM|Any CPU.Build.0 = Release|Any CPU
		{5EE08BD4-DAED-4B99-BF8D-7C78846EC2F0}.Debug|Any CPU.ActiveCfg = Debug|Any CPU
		{5EE08BD4-DAED-4B99-BF8D-7C78846EC2F0}.Debug|Any CPU.Build.0 = Debug|Any CPU
		{5EE08BD4-DAED-4B99-BF8D-7C78846EC2F0}.DVD-5|Any CPU.ActiveCfg = Debug|Any CPU
		{5EE08BD4-DAED-4B99-BF8D-7C78846EC2F0}.DVD-5|Any CPU.Build.0 = Debug|Any CPU
		{5EE08BD4-DAED-4B99-BF8D-7C78846EC2F0}.Release|Any CPU.ActiveCfg = Release|Any CPU
		{5EE08BD4-DAED-4B99-BF8D-7C78846EC2F0}.Release|Any CPU.Build.0 = Release|Any CPU
		{5EE08BD4-DAED-4B99-BF8D-7C78846EC2F0}.SingleImage|Any CPU.ActiveCfg = Release|Any CPU
		{5EE08BD4-DAED-4B99-BF8D-7C78846EC2F0}.SingleImage|Any CPU.Build.0 = Release|Any CPU
		{B6BF1311-F226-422F-906C-AEEA176321BD}.All|Any CPU.ActiveCfg = SingleImage
		{B6BF1311-F226-422F-906C-AEEA176321BD}.CD_ROM|Any CPU.ActiveCfg = CD_ROM
		{B6BF1311-F226-422F-906C-AEEA176321BD}.CD_ROM|Any CPU.Build.0 = CD_ROM
		{B6BF1311-F226-422F-906C-AEEA176321BD}.Debug|Any CPU.ActiveCfg = DVD-5
		{B6BF1311-F226-422F-906C-AEEA176321BD}.Debug|Any CPU.Build.0 = DVD-5
		{B6BF1311-F226-422F-906C-AEEA176321BD}.DVD-5|Any CPU.ActiveCfg = DVD-5
		{B6BF1311-F226-422F-906C-AEEA176321BD}.DVD-5|Any CPU.Build.0 = DVD-5
		{B6BF1311-F226-422F-906C-AEEA176321BD}.Release|Any CPU.ActiveCfg = SingleImage
		{B6BF1311-F226-422F-906C-AEEA176321BD}.Release|Any CPU.Build.0 = SingleImage
		{B6BF1311-F226-422F-906C-AEEA176321BD}.SingleImage|Any CPU.ActiveCfg = SingleImage
		{B6BF1311-F226-422F-906C-AEEA176321BD}.SingleImage|Any CPU.Build.0 = SingleImage
	EndGlobalSection
	GlobalSection(SolutionProperties) = preSolution
		HideSolutionNode = FALSE
	EndGlobalSection
	GlobalSection(ExtensibilityGlobals) = postSolution
		SolutionGuid = {63791BE6-DD89-4B2B-8B21-4B8CDB1D87C0}
	EndGlobalSection
EndGlobal
